
Microsoft Visual Studio Solution File, Format Version 12.00
# Visual Studio Version 17
VisualStudioVersion = 17.3.32819.101
MinimumVisualStudioVersion = 10.0.40219.1
Project("{FAE04EC0-301F-11D3-BF4B-00C04F79EFBC}") = "AbbyWeb", "AbbyWeb\AbbyWeb.csproj", "{2A3E32FD-F57E-46E5-B0F7-4FAB0A6B4792}"
EndProject
Global
	GlobalSection(SolutionConfigurationPlatforms) = preSolution
		Debug|Any CPU = Debug|Any CPU
		Release|Any CPU = Release|Any CPU
	EndGlobalSection
	GlobalSection(ProjectConfigurationPlatforms) = postSolution
		{2A3E32FD-F57E-46E5-B0F7-4FAB0A6B4792}.Debug|Any CPU.ActiveCfg = Debug|Any CPU
		{2A3E32FD-F57E-46E5-B0F7-4FAB0A6B4792}.Debug|Any CPU.Build.0 = Debug|Any CPU
		{2A3E32FD-F57E-46E5-B0F7-4FAB0A6B4792}.Release|Any CPU.ActiveCfg = Release|Any CPU
		{2A3E32FD-F57E-46E5-B0F7-4FAB0A6B4792}.Release|Any CPU.Build.0 = Release|Any CPU
	EndGlobalSection
	GlobalSection(SolutionProperties) = preSolution
		HideSolutionNode = FALSE
	EndGlobalSection
	GlobalSection(ExtensibilityGlobals) = postSolution
		SolutionGuid = {F32B3E10-96F6-4F47-95B9-B33DEC76A48B}
	EndGlobalSection
EndGlobal
